// !$*UTF8*$!
{
	archiveVersion = 1;
	classes = {
	};
	objectVersion = 56;
	objects = {

/* Begin PBXBuildFile section */
		0C7A2A422AD1D71500E732ED /* BridgetteApp.swift in Sources */ = {isa = PBXBuildFile; fileRef = 0C7A2A412AD1D71500E732ED /* BridgetteApp.swift */; };
		0C7A2A442AD1D71500E732ED /* MainView.swift in Sources */ = {isa = PBXBuildFile; fileRef = 0C7A2A432AD1D71500E732ED /* MainView.swift */; };
		0C7A2A462AD1D71500E732ED /* Assets.xcassets in Resources */ = {isa = PBXBuildFile; fileRef = 0C7A2A452AD1D71500E732ED /* Assets.xcassets */; };
		0C7A2A492AD1D71500E732ED /* Preview Assets.xcassets in Resources */ = {isa = PBXBuildFile; fileRef = 0C7A2A482AD1D71500E732ED /* Preview Assets.xcassets */; };
		0C7A2A532AD1D71500E732ED /* BridgetteTests.swift in Sources */ = {isa = PBXBuildFile; fileRef = 0C7A2A522AD1D71500E732ED /* BridgetteTests.swift */; };
		0C7A2A5D2AD1D71500E732ED /* BridgetteUITests.swift in Sources */ = {isa = PBXBuildFile; fileRef = 0C7A2A5C2AD1D71500E732ED /* BridgetteUITests.swift */; };
		0C7A2A5F2AD1D71500E732ED /* BridgetteUITestsLaunchTests.swift in Sources */ = {isa = PBXBuildFile; fileRef = 0C7A2A5E2AD1D71500E732ED /* BridgetteUITestsLaunchTests.swift */; };
		0C7A2A702AD1D77200E732ED /* MabryPro-Medium.ttf in Resources */ = {isa = PBXBuildFile; fileRef = 0C7A2A6E2AD1D77200E732ED /* MabryPro-Medium.ttf */; };
		0C7A2A712AD1D77200E732ED /* MabryPro-Bold.ttf in Resources */ = {isa = PBXBuildFile; fileRef = 0C7A2A6F2AD1D77200E732ED /* MabryPro-Bold.ttf */; };
		0C7A2A762AD1D97B00E732ED /* Font.swift in Sources */ = {isa = PBXBuildFile; fileRef = 0C7A2A752AD1D97B00E732ED /* Font.swift */; };
		0C7A2A782AD1E31200E732ED /* color.swift in Sources */ = {isa = PBXBuildFile; fileRef = 0C7A2A772AD1E31200E732ED /* color.swift */; };
		0C8B69902AD309B700C0058C /* HeaderView.swift in Sources */ = {isa = PBXBuildFile; fileRef = 0C8B698F2AD309B700C0058C /* HeaderView.swift */; };
		0C8B69922AD30A2E00C0058C /* GasPumpView.swift in Sources */ = {isa = PBXBuildFile; fileRef = 0C8B69912AD30A2E00C0058C /* GasPumpView.swift */; };
		0C8B69952AD30F7900C0058C /* TradeView.swift in Sources */ = {isa = PBXBuildFile; fileRef = 0C8B69942AD30F7900C0058C /* TradeView.swift */; };
		0C8B69972AD30F9C00C0058C /* TradeCards.swift in Sources */ = {isa = PBXBuildFile; fileRef = 0C8B69962AD30F9C00C0058C /* TradeCards.swift */; };
		0C8B69992AD3203B00C0058C /* RecieveSendView.swift in Sources */ = {isa = PBXBuildFile; fileRef = 0C8B69982AD3203B00C0058C /* RecieveSendView.swift */; };
		0C8B699B2AD3361000C0058C /* StarGateView.swift in Sources */ = {isa = PBXBuildFile; fileRef = 0C8B699A2AD3361000C0058C /* StarGateView.swift */; };
		0C8B699D2AD3410600C0058C /* ReviewButton.swift in Sources */ = {isa = PBXBuildFile; fileRef = 0C8B699C2AD3410600C0058C /* ReviewButton.swift */; };
		0C8B699F2AD3476000C0058C /* SelectRouteDialogView.swift in Sources */ = {isa = PBXBuildFile; fileRef = 0C8B699E2AD3476000C0058C /* SelectRouteDialogView.swift */; };
		0C8B69A22AD3643700C0058C /* StargateCardView.swift in Sources */ = {isa = PBXBuildFile; fileRef = 0C8B69A12AD3643700C0058C /* StargateCardView.swift */; };
		0C8B69A42AD364C700C0058C /* ContextCardView.swift in Sources */ = {isa = PBXBuildFile; fileRef = 0C8B69A32AD364C700C0058C /* ContextCardView.swift */; };
		0C8B69A72AD3663100C0058C /* TopView.swift in Sources */ = {isa = PBXBuildFile; fileRef = 0C8B69A62AD3663100C0058C /* TopView.swift */; };
/* End PBXBuildFile section */

/* Begin PBXContainerItemProxy section */
		0C7A2A4F2AD1D71500E732ED /* PBXContainerItemProxy */ = {
			isa = PBXContainerItemProxy;
			containerPortal = 0C7A2A362AD1D71400E732ED /* Project object */;
			proxyType = 1;
			remoteGlobalIDString = 0C7A2A3D2AD1D71500E732ED;
			remoteInfo = Bridgette;
		};
		0C7A2A592AD1D71500E732ED /* PBXContainerItemProxy */ = {
			isa = PBXContainerItemProxy;
			containerPortal = 0C7A2A362AD1D71400E732ED /* Project object */;
			proxyType = 1;
			remoteGlobalIDString = 0C7A2A3D2AD1D71500E732ED;
			remoteInfo = Bridgette;
		};
/* End PBXContainerItemProxy section */

/* Begin PBXFileReference section */
		0C7A2A3E2AD1D71500E732ED /* Bridgette.app */ = {isa = PBXFileReference; explicitFileType = wrapper.application; includeInIndex = 0; path = Bridgette.app; sourceTree = BUILT_PRODUCTS_DIR; };
		0C7A2A412AD1D71500E732ED /* BridgetteApp.swift */ = {isa = PBXFileReference; lastKnownFileType = sourcecode.swift; path = BridgetteApp.swift; sourceTree = "<group>"; };
		0C7A2A432AD1D71500E732ED /* MainView.swift */ = {isa = PBXFileReference; lastKnownFileType = sourcecode.swift; path = MainView.swift; sourceTree = "<group>"; };
		0C7A2A452AD1D71500E732ED /* Assets.xcassets */ = {isa = PBXFileReference; lastKnownFileType = folder.assetcatalog; path = Assets.xcassets; sourceTree = "<group>"; };
		0C7A2A482AD1D71500E732ED /* Preview Assets.xcassets */ = {isa = PBXFileReference; lastKnownFileType = folder.assetcatalog; path = "Preview Assets.xcassets"; sourceTree = "<group>"; };
		0C7A2A4E2AD1D71500E732ED /* BridgetteTests.xctest */ = {isa = PBXFileReference; explicitFileType = wrapper.cfbundle; includeInIndex = 0; path = BridgetteTests.xctest; sourceTree = BUILT_PRODUCTS_DIR; };
		0C7A2A522AD1D71500E732ED /* BridgetteTests.swift */ = {isa = PBXFileReference; lastKnownFileType = sourcecode.swift; path = BridgetteTests.swift; sourceTree = "<group>"; };
		0C7A2A582AD1D71500E732ED /* BridgetteUITests.xctest */ = {isa = PBXFileReference; explicitFileType = wrapper.cfbundle; includeInIndex = 0; path = BridgetteUITests.xctest; sourceTree = BUILT_PRODUCTS_DIR; };
		0C7A2A5C2AD1D71500E732ED /* BridgetteUITests.swift */ = {isa = PBXFileReference; lastKnownFileType = sourcecode.swift; path = BridgetteUITests.swift; sourceTree = "<group>"; };
		0C7A2A5E2AD1D71500E732ED /* BridgetteUITestsLaunchTests.swift */ = {isa = PBXFileReference; lastKnownFileType = sourcecode.swift; path = BridgetteUITestsLaunchTests.swift; sourceTree = "<group>"; };
		0C7A2A6E2AD1D77200E732ED /* MabryPro-Medium.ttf */ = {isa = PBXFileReference; lastKnownFileType = file; path = "MabryPro-Medium.ttf"; sourceTree = "<group>"; };
		0C7A2A6F2AD1D77200E732ED /* MabryPro-Bold.ttf */ = {isa = PBXFileReference; lastKnownFileType = file; path = "MabryPro-Bold.ttf"; sourceTree = "<group>"; };
		0C7A2A722AD1D89D00E732ED /* Info.plist */ = {isa = PBXFileReference; lastKnownFileType = text.plist; path = Info.plist; sourceTree = "<group>"; };
		0C7A2A752AD1D97B00E732ED /* Font.swift */ = {isa = PBXFileReference; lastKnownFileType = sourcecode.swift; path = Font.swift; sourceTree = "<group>"; };
		0C7A2A772AD1E31200E732ED /* color.swift */ = {isa = PBXFileReference; lastKnownFileType = sourcecode.swift; path = color.swift; sourceTree = "<group>"; };
		0C8B698F2AD309B700C0058C /* HeaderView.swift */ = {isa = PBXFileReference; lastKnownFileType = sourcecode.swift; path = HeaderView.swift; sourceTree = "<group>"; };
		0C8B69912AD30A2E00C0058C /* GasPumpView.swift */ = {isa = PBXFileReference; lastKnownFileType = sourcecode.swift; path = GasPumpView.swift; sourceTree = "<group>"; };
		0C8B69942AD30F7900C0058C /* TradeView.swift */ = {isa = PBXFileReference; lastKnownFileType = sourcecode.swift; path = TradeView.swift; sourceTree = "<group>"; };
		0C8B69962AD30F9C00C0058C /* TradeCards.swift */ = {isa = PBXFileReference; lastKnownFileType = sourcecode.swift; path = TradeCards.swift; sourceTree = "<group>"; };
		0C8B69982AD3203B00C0058C /* RecieveSendView.swift */ = {isa = PBXFileReference; lastKnownFileType = sourcecode.swift; path = RecieveSendView.swift; sourceTree = "<group>"; };
		0C8B699A2AD3361000C0058C /* StarGateView.swift */ = {isa = PBXFileReference; lastKnownFileType = sourcecode.swift; path = StarGateView.swift; sourceTree = "<group>"; };
		0C8B699C2AD3410600C0058C /* ReviewButton.swift */ = {isa = PBXFileReference; lastKnownFileType = sourcecode.swift; path = ReviewButton.swift; sourceTree = "<group>"; };
		0C8B699E2AD3476000C0058C /* SelectRouteDialogView.swift */ = {isa = PBXFileReference; lastKnownFileType = sourcecode.swift; path = SelectRouteDialogView.swift; sourceTree = "<group>"; };
		0C8B69A12AD3643700C0058C /* StargateCardView.swift */ = {isa = PBXFileReference; lastKnownFileType = sourcecode.swift; path = StargateCardView.swift; sourceTree = "<group>"; };
		0C8B69A32AD364C700C0058C /* ContextCardView.swift */ = {isa = PBXFileReference; lastKnownFileType = sourcecode.swift; path = ContextCardView.swift; sourceTree = "<group>"; };
		0C8B69A62AD3663100C0058C /* TopView.swift */ = {isa = PBXFileReference; lastKnownFileType = sourcecode.swift; path = TopView.swift; sourceTree = "<group>"; };
/* End PBXFileReference section */

/* Begin PBXFrameworksBuildPhase section */
		0C7A2A3B2AD1D71500E732ED /* Frameworks */ = {
			isa = PBXFrameworksBuildPhase;
			buildActionMask = 2147483647;
			files = (
			);
			runOnlyForDeploymentPostprocessing = 0;
		};
		0C7A2A4B2AD1D71500E732ED /* Frameworks */ = {
			isa = PBXFrameworksBuildPhase;
			buildActionMask = 2147483647;
			files = (
			);
			runOnlyForDeploymentPostprocessing = 0;
		};
		0C7A2A552AD1D71500E732ED /* Frameworks */ = {
			isa = PBXFrameworksBuildPhase;
			buildActionMask = 2147483647;
			files = (
			);
			runOnlyForDeploymentPostprocessing = 0;
		};
/* End PBXFrameworksBuildPhase section */

/* Begin PBXGroup section */
		0C7A2A352AD1D71400E732ED = {
			isa = PBXGroup;
			children = (
				0C7A2A402AD1D71500E732ED /* Bridgette */,
				0C7A2A512AD1D71500E732ED /* BridgetteTests */,
				0C7A2A5B2AD1D71500E732ED /* BridgetteUITests */,
				0C7A2A3F2AD1D71500E732ED /* Products */,
			);
			sourceTree = "<group>";
		};
		0C7A2A3F2AD1D71500E732ED /* Products */ = {
			isa = PBXGroup;
			children = (
				0C7A2A3E2AD1D71500E732ED /* Bridgette.app */,
				0C7A2A4E2AD1D71500E732ED /* BridgetteTests.xctest */,
				0C7A2A582AD1D71500E732ED /* BridgetteUITests.xctest */,
			);
			name = Products;
			sourceTree = "<group>";
		};
		0C7A2A402AD1D71500E732ED /* Bridgette */ = {
			isa = PBXGroup;
			children = (
				0C7A2A732AD1D92000E732ED /* Utils */,
				0C7A2A722AD1D89D00E732ED /* Info.plist */,
				0C7A2A6D2AD1D75C00E732ED /* Fonts */,
				0C7A2A6B2AD1D72400E732ED /* Views */,
				0C7A2A412AD1D71500E732ED /* BridgetteApp.swift */,
				0C7A2A452AD1D71500E732ED /* Assets.xcassets */,
				0C7A2A472AD1D71500E732ED /* Preview Content */,
			);
			path = Bridgette;
			sourceTree = "<group>";
		};
		0C7A2A472AD1D71500E732ED /* Preview Content */ = {
			isa = PBXGroup;
			children = (
				0C7A2A482AD1D71500E732ED /* Preview Assets.xcassets */,
			);
			path = "Preview Content";
			sourceTree = "<group>";
		};
		0C7A2A512AD1D71500E732ED /* BridgetteTests */ = {
			isa = PBXGroup;
			children = (
				0C7A2A522AD1D71500E732ED /* BridgetteTests.swift */,
			);
			path = BridgetteTests;
			sourceTree = "<group>";
		};
		0C7A2A5B2AD1D71500E732ED /* BridgetteUITests */ = {
			isa = PBXGroup;
			children = (
				0C7A2A5C2AD1D71500E732ED /* BridgetteUITests.swift */,
				0C7A2A5E2AD1D71500E732ED /* BridgetteUITestsLaunchTests.swift */,
			);
			path = BridgetteUITests;
			sourceTree = "<group>";
		};
		0C7A2A6B2AD1D72400E732ED /* Views */ = {
			isa = PBXGroup;
			children = (
				0C7A2A6C2AD1D73500E732ED /* MainView */,
			);
			path = Views;
			sourceTree = "<group>";
		};
		0C7A2A6C2AD1D73500E732ED /* MainView */ = {
			isa = PBXGroup;
			children = (
				0C8B698E2AD3068000C0058C /* Subviews */,
				0C7A2A432AD1D71500E732ED /* MainView.swift */,
			);
			path = MainView;
			sourceTree = "<group>";
		};
		0C7A2A6D2AD1D75C00E732ED /* Fonts */ = {
			isa = PBXGroup;
			children = (
				0C7A2A6F2AD1D77200E732ED /* MabryPro-Bold.ttf */,
				0C7A2A6E2AD1D77200E732ED /* MabryPro-Medium.ttf */,
			);
			path = Fonts;
			sourceTree = "<group>";
		};
		0C7A2A732AD1D92000E732ED /* Utils */ = {
			isa = PBXGroup;
			children = (
				0C7A2A752AD1D97B00E732ED /* Font.swift */,
				0C7A2A772AD1E31200E732ED /* color.swift */,
			);
			path = Utils;
			sourceTree = "<group>";
		};
		0C8B698E2AD3068000C0058C /* Subviews */ = {
			isa = PBXGroup;
			children = (
				0C8B69A02AD35EAD00C0058C /* CustomDialogs */,
				0C8B69932AD30F6400C0058C /* TradeView */,
				0C8B698F2AD309B700C0058C /* HeaderView.swift */,
				0C8B69912AD30A2E00C0058C /* GasPumpView.swift */,
				0C8B69982AD3203B00C0058C /* RecieveSendView.swift */,
				0C8B699A2AD3361000C0058C /* StarGateView.swift */,
				0C8B699C2AD3410600C0058C /* ReviewButton.swift */,
			);
			path = Subviews;
			sourceTree = "<group>";
		};
		0C8B69932AD30F6400C0058C /* TradeView */ = {
			isa = PBXGroup;
			children = (
				0C8B69942AD30F7900C0058C /* TradeView.swift */,
				0C8B69962AD30F9C00C0058C /* TradeCards.swift */,
			);
			path = TradeView;
			sourceTree = "<group>";
		};
		0C8B69A02AD35EAD00C0058C /* CustomDialogs */ = {
			isa = PBXGroup;
			children = (
				0C8B69A52AD365CA00C0058C /* SelectRoute */,
			);
			path = CustomDialogs;
			sourceTree = "<group>";
		};
		0C8B69A52AD365CA00C0058C /* SelectRoute */ = {
			isa = PBXGroup;
			children = (
				0C8B699E2AD3476000C0058C /* SelectRouteDialogView.swift */,
				0C8B69A12AD3643700C0058C /* StargateCardView.swift */,
				0C8B69A32AD364C700C0058C /* ContextCardView.swift */,
				0C8B69A62AD3663100C0058C /* TopView.swift */,
			);
			path = SelectRoute;
			sourceTree = "<group>";
		};
/* End PBXGroup section */

/* Begin PBXNativeTarget section */
		0C7A2A3D2AD1D71500E732ED /* Bridgette */ = {
			isa = PBXNativeTarget;
			buildConfigurationList = 0C7A2A622AD1D71500E732ED /* Build configuration list for PBXNativeTarget "Bridgette" */;
			buildPhases = (
				0C7A2A3A2AD1D71500E732ED /* Sources */,
				0C7A2A3B2AD1D71500E732ED /* Frameworks */,
				0C7A2A3C2AD1D71500E732ED /* Resources */,
			);
			buildRules = (
			);
			dependencies = (
			);
			name = Bridgette;
			productName = Bridgette;
			productReference = 0C7A2A3E2AD1D71500E732ED /* Bridgette.app */;
			productType = "com.apple.product-type.application";
		};
		0C7A2A4D2AD1D71500E732ED /* BridgetteTests */ = {
			isa = PBXNativeTarget;
			buildConfigurationList = 0C7A2A652AD1D71500E732ED /* Build configuration list for PBXNativeTarget "BridgetteTests" */;
			buildPhases = (
				0C7A2A4A2AD1D71500E732ED /* Sources */,
				0C7A2A4B2AD1D71500E732ED /* Frameworks */,
				0C7A2A4C2AD1D71500E732ED /* Resources */,
			);
			buildRules = (
			);
			dependencies = (
				0C7A2A502AD1D71500E732ED /* PBXTargetDependency */,
			);
			name = BridgetteTests;
			productName = BridgetteTests;
			productReference = 0C7A2A4E2AD1D71500E732ED /* BridgetteTests.xctest */;
			productType = "com.apple.product-type.bundle.unit-test";
		};
		0C7A2A572AD1D71500E732ED /* BridgetteUITests */ = {
			isa = PBXNativeTarget;
			buildConfigurationList = 0C7A2A682AD1D71500E732ED /* Build configuration list for PBXNativeTarget "BridgetteUITests" */;
			buildPhases = (
				0C7A2A542AD1D71500E732ED /* Sources */,
				0C7A2A552AD1D71500E732ED /* Frameworks */,
				0C7A2A562AD1D71500E732ED /* Resources */,
			);
			buildRules = (
			);
			dependencies = (
				0C7A2A5A2AD1D71500E732ED /* PBXTargetDependency */,
			);
			name = BridgetteUITests;
			productName = BridgetteUITests;
			productReference = 0C7A2A582AD1D71500E732ED /* BridgetteUITests.xctest */;
			productType = "com.apple.product-type.bundle.ui-testing";
		};
/* End PBXNativeTarget section */

/* Begin PBXProject section */
		0C7A2A362AD1D71400E732ED /* Project object */ = {
			isa = PBXProject;
			attributes = {
				BuildIndependentTargetsInParallel = 1;
				LastSwiftUpdateCheck = 1430;
				LastUpgradeCheck = 1430;
				TargetAttributes = {
					0C7A2A3D2AD1D71500E732ED = {
						CreatedOnToolsVersion = 14.3;
					};
					0C7A2A4D2AD1D71500E732ED = {
						CreatedOnToolsVersion = 14.3;
						TestTargetID = 0C7A2A3D2AD1D71500E732ED;
					};
					0C7A2A572AD1D71500E732ED = {
						CreatedOnToolsVersion = 14.3;
						TestTargetID = 0C7A2A3D2AD1D71500E732ED;
					};
				};
			};
			buildConfigurationList = 0C7A2A392AD1D71400E732ED /* Build configuration list for PBXProject "Bridgette" */;
			compatibilityVersion = "Xcode 14.0";
			developmentRegion = en;
			hasScannedForEncodings = 0;
			knownRegions = (
				en,
				Base,
			);
			mainGroup = 0C7A2A352AD1D71400E732ED;
			productRefGroup = 0C7A2A3F2AD1D71500E732ED /* Products */;
			projectDirPath = "";
			projectRoot = "";
			targets = (
				0C7A2A3D2AD1D71500E732ED /* Bridgette */,
				0C7A2A4D2AD1D71500E732ED /* BridgetteTests */,
				0C7A2A572AD1D71500E732ED /* BridgetteUITests */,
			);
		};
/* End PBXProject section */

/* Begin PBXResourcesBuildPhase section */
		0C7A2A3C2AD1D71500E732ED /* Resources */ = {
			isa = PBXResourcesBuildPhase;
			buildActionMask = 2147483647;
			files = (
				0C7A2A702AD1D77200E732ED /* MabryPro-Medium.ttf in Resources */,
				0C7A2A492AD1D71500E732ED /* Preview Assets.xcassets in Resources */,
				0C7A2A462AD1D71500E732ED /* Assets.xcassets in Resources */,
				0C7A2A712AD1D77200E732ED /* MabryPro-Bold.ttf in Resources */,
			);
			runOnlyForDeploymentPostprocessing = 0;
		};
		0C7A2A4C2AD1D71500E732ED /* Resources */ = {
			isa = PBXResourcesBuildPhase;
			buildActionMask = 2147483647;
			files = (
			);
			runOnlyForDeploymentPostprocessing = 0;
		};
		0C7A2A562AD1D71500E732ED /* Resources */ = {
			isa = PBXResourcesBuildPhase;
			buildActionMask = 2147483647;
			files = (
			);
			runOnlyForDeploymentPostprocessing = 0;
		};
/* End PBXResourcesBuildPhase section */

/* Begin PBXSourcesBuildPhase section */
		0C7A2A3A2AD1D71500E732ED /* Sources */ = {
			isa = PBXSourcesBuildPhase;
			buildActionMask = 2147483647;
			files = (
				0C8B69A42AD364C700C0058C /* ContextCardView.swift in Sources */,
				0C8B69A72AD3663100C0058C /* TopView.swift in Sources */,
				0C8B69972AD30F9C00C0058C /* TradeCards.swift in Sources */,
				0C8B699B2AD3361000C0058C /* StarGateView.swift in Sources */,
				0C8B69922AD30A2E00C0058C /* GasPumpView.swift in Sources */,
				0C8B69952AD30F7900C0058C /* TradeView.swift in Sources */,
				0C8B69902AD309B700C0058C /* HeaderView.swift in Sources */,
				0C7A2A442AD1D71500E732ED /* MainView.swift in Sources */,
				0C8B699D2AD3410600C0058C /* ReviewButton.swift in Sources */,
				0C8B69992AD3203B00C0058C /* RecieveSendView.swift in Sources */,
				0C8B699F2AD3476000C0058C /* SelectRouteDialogView.swift in Sources */,
				0C7A2A782AD1E31200E732ED /* color.swift in Sources */,
				0C8B69A22AD3643700C0058C /* StargateCardView.swift in Sources */,
				0C7A2A422AD1D71500E732ED /* BridgetteApp.swift in Sources */,
				0C7A2A762AD1D97B00E732ED /* Font.swift in Sources */,
			);
			runOnlyForDeploymentPostprocessing = 0;
		};
		0C7A2A4A2AD1D71500E732ED /* Sources */ = {
			isa = PBXSourcesBuildPhase;
			buildActionMask = 2147483647;
			files = (
				0C7A2A532AD1D71500E732ED /* BridgetteTests.swift in Sources */,
			);
			runOnlyForDeploymentPostprocessing = 0;
		};
		0C7A2A542AD1D71500E732ED /* Sources */ = {
			isa = PBXSourcesBuildPhase;
			buildActionMask = 2147483647;
			files = (
				0C7A2A5D2AD1D71500E732ED /* BridgetteUITests.swift in Sources */,
				0C7A2A5F2AD1D71500E732ED /* BridgetteUITestsLaunchTests.swift in Sources */,
			);
			runOnlyForDeploymentPostprocessing = 0;
		};
/* End PBXSourcesBuildPhase section */

/* Begin PBXTargetDependency section */
		0C7A2A502AD1D71500E732ED /* PBXTargetDependency */ = {
			isa = PBXTargetDependency;
			target = 0C7A2A3D2AD1D71500E732ED /* Bridgette */;
			targetProxy = 0C7A2A4F2AD1D71500E732ED /* PBXContainerItemProxy */;
		};
		0C7A2A5A2AD1D71500E732ED /* PBXTargetDependency */ = {
			isa = PBXTargetDependency;
			target = 0C7A2A3D2AD1D71500E732ED /* Bridgette */;
			targetProxy = 0C7A2A592AD1D71500E732ED /* PBXContainerItemProxy */;
		};
/* End PBXTargetDependency section */

/* Begin XCBuildConfiguration section */
		0C7A2A602AD1D71500E732ED /* Debug */ = {
			isa = XCBuildConfiguration;
			buildSettings = {
				ALWAYS_SEARCH_USER_PATHS = NO;
				CLANG_ANALYZER_NONNULL = YES;
				CLANG_ANALYZER_NUMBER_OBJECT_CONVERSION = YES_AGGRESSIVE;
				CLANG_CXX_LANGUAGE_STANDARD = "gnu++20";
				CLANG_ENABLE_MODULES = YES;
				CLANG_ENABLE_OBJC_ARC = YES;
				CLANG_ENABLE_OBJC_WEAK = YES;
				CLANG_WARN_BLOCK_CAPTURE_AUTORELEASING = YES;
				CLANG_WARN_BOOL_CONVERSION = YES;
				CLANG_WARN_COMMA = YES;
				CLANG_WARN_CONSTANT_CONVERSION = YES;
				CLANG_WARN_DEPRECATED_OBJC_IMPLEMENTATIONS = YES;
				CLANG_WARN_DIRECT_OBJC_ISA_USAGE = YES_ERROR;
				CLANG_WARN_DOCUMENTATION_COMMENTS = YES;
				CLANG_WARN_EMPTY_BODY = YES;
				CLANG_WARN_ENUM_CONVERSION = YES;
				CLANG_WARN_INFINITE_RECURSION = YES;
				CLANG_WARN_INT_CONVERSION = YES;
				CLANG_WARN_NON_LITERAL_NULL_CONVERSION = YES;
				CLANG_WARN_OBJC_IMPLICIT_RETAIN_SELF = YES;
				CLANG_WARN_OBJC_LITERAL_CONVERSION = YES;
				CLANG_WARN_OBJC_ROOT_CLASS = YES_ERROR;
				CLANG_WARN_QUOTED_INCLUDE_IN_FRAMEWORK_HEADER = YES;
				CLANG_WARN_RANGE_LOOP_ANALYSIS = YES;
				CLANG_WARN_STRICT_PROTOTYPES = YES;
				CLANG_WARN_SUSPICIOUS_MOVE = YES;
				CLANG_WARN_UNGUARDED_AVAILABILITY = YES_AGGRESSIVE;
				CLANG_WARN_UNREACHABLE_CODE = YES;
				CLANG_WARN__DUPLICATE_METHOD_MATCH = YES;
				COPY_PHASE_STRIP = NO;
				DEBUG_INFORMATION_FORMAT = dwarf;
				ENABLE_STRICT_OBJC_MSGSEND = YES;
				ENABLE_TESTABILITY = YES;
				GCC_C_LANGUAGE_STANDARD = gnu11;
				GCC_DYNAMIC_NO_PIC = NO;
				GCC_NO_COMMON_BLOCKS = YES;
				GCC_OPTIMIZATION_LEVEL = 0;
				GCC_PREPROCESSOR_DEFINITIONS = (
					"DEBUG=1",
					"$(inherited)",
				);
				GCC_WARN_64_TO_32_BIT_CONVERSION = YES;
				GCC_WARN_ABOUT_RETURN_TYPE = YES_ERROR;
				GCC_WARN_UNDECLARED_SELECTOR = YES;
				GCC_WARN_UNINITIALIZED_AUTOS = YES_AGGRESSIVE;
				GCC_WARN_UNUSED_FUNCTION = YES;
				GCC_WARN_UNUSED_VARIABLE = YES;
				IPHONEOS_DEPLOYMENT_TARGET = 16.4;
				MTL_ENABLE_DEBUG_INFO = INCLUDE_SOURCE;
				MTL_FAST_MATH = YES;
				ONLY_ACTIVE_ARCH = YES;
				SDKROOT = iphoneos;
				SWIFT_ACTIVE_COMPILATION_CONDITIONS = DEBUG;
				SWIFT_OPTIMIZATION_LEVEL = "-Onone";
			};
			name = Debug;
		};
		0C7A2A612AD1D71500E732ED /* Release */ = {
			isa = XCBuildConfiguration;
			buildSettings = {
				ALWAYS_SEARCH_USER_PATHS = NO;
				CLANG_ANALYZER_NONNULL = YES;
				CLANG_ANALYZER_NUMBER_OBJECT_CONVERSION = YES_AGGRESSIVE;
				CLANG_CXX_LANGUAGE_STANDARD = "gnu++20";
				CLANG_ENABLE_MODULES = YES;
				CLANG_ENABLE_OBJC_ARC = YES;
				CLANG_ENABLE_OBJC_WEAK = YES;
				CLANG_WARN_BLOCK_CAPTURE_AUTORELEASING = YES;
				CLANG_WARN_BOOL_CONVERSION = YES;
				CLANG_WARN_COMMA = YES;
				CLANG_WARN_CONSTANT_CONVERSION = YES;
				CLANG_WARN_DEPRECATED_OBJC_IMPLEMENTATIONS = YES;
				CLANG_WARN_DIRECT_OBJC_ISA_USAGE = YES_ERROR;
				CLANG_WARN_DOCUMENTATION_COMMENTS = YES;
				CLANG_WARN_EMPTY_BODY = YES;
				CLANG_WARN_ENUM_CONVERSION = YES;
				CLANG_WARN_INFINITE_RECURSION = YES;
				CLANG_WARN_INT_CONVERSION = YES;
				CLANG_WARN_NON_LITERAL_NULL_CONVERSION = YES;
				CLANG_WARN_OBJC_IMPLICIT_RETAIN_SELF = YES;
				CLANG_WARN_OBJC_LITERAL_CONVERSION = YES;
				CLANG_WARN_OBJC_ROOT_CLASS = YES_ERROR;
				CLANG_WARN_QUOTED_INCLUDE_IN_FRAMEWORK_HEADER = YES;
				CLANG_WARN_RANGE_LOOP_ANALYSIS = YES;
				CLANG_WARN_STRICT_PROTOTYPES = YES;
				CLANG_WARN_SUSPICIOUS_MOVE = YES;
				CLANG_WARN_UNGUARDED_AVAILABILITY = YES_AGGRESSIVE;
				CLANG_WARN_UNREACHABLE_CODE = YES;
				CLANG_WARN__DUPLICATE_METHOD_MATCH = YES;
				COPY_PHASE_STRIP = NO;
				DEBUG_INFORMATION_FORMAT = "dwarf-with-dsym";
				ENABLE_NS_ASSERTIONS = NO;
				ENABLE_STRICT_OBJC_MSGSEND = YES;
				GCC_C_LANGUAGE_STANDARD = gnu11;
				GCC_NO_COMMON_BLOCKS = YES;
				GCC_WARN_64_TO_32_BIT_CONVERSION = YES;
				GCC_WARN_ABOUT_RETURN_TYPE = YES_ERROR;
				GCC_WARN_UNDECLARED_SELECTOR = YES;
				GCC_WARN_UNINITIALIZED_AUTOS = YES_AGGRESSIVE;
				GCC_WARN_UNUSED_FUNCTION = YES;
				GCC_WARN_UNUSED_VARIABLE = YES;
				IPHONEOS_DEPLOYMENT_TARGET = 16.4;
				MTL_ENABLE_DEBUG_INFO = NO;
				MTL_FAST_MATH = YES;
				SDKROOT = iphoneos;
				SWIFT_COMPILATION_MODE = wholemodule;
				SWIFT_OPTIMIZATION_LEVEL = "-O";
				VALIDATE_PRODUCT = YES;
			};
			name = Release;
		};
		0C7A2A632AD1D71500E732ED /* Debug */ = {
			isa = XCBuildConfiguration;
			buildSettings = {
				ASSETCATALOG_COMPILER_APPICON_NAME = AppIcon;
				ASSETCATALOG_COMPILER_GLOBAL_ACCENT_COLOR_NAME = AccentColor;
				CODE_SIGN_STYLE = Automatic;
				CURRENT_PROJECT_VERSION = 1;
				DEVELOPMENT_ASSET_PATHS = "\"Bridgette/Preview Content\"";
				DEVELOPMENT_TEAM = ABK2TMF98V;
				ENABLE_PREVIEWS = YES;
				GENERATE_INFOPLIST_FILE = YES;
				INFOPLIST_FILE = Bridgette/Info.plist;
				INFOPLIST_KEY_UIApplicationSceneManifest_Generation = YES;
				INFOPLIST_KEY_UIApplicationSupportsIndirectInputEvents = YES;
				INFOPLIST_KEY_UILaunchScreen_Generation = YES;
				INFOPLIST_KEY_UISupportedInterfaceOrientations_iPad = "UIInterfaceOrientationPortrait UIInterfaceOrientationPortraitUpsideDown UIInterfaceOrientationLandscapeLeft UIInterfaceOrientationLandscapeRight";
				INFOPLIST_KEY_UISupportedInterfaceOrientations_iPhone = "UIInterfaceOrientationPortrait UIInterfaceOrientationLandscapeLeft UIInterfaceOrientationLandscapeRight";
				LD_RUNPATH_SEARCH_PATHS = (
					"$(inherited)",
					"@executable_path/Frameworks",
				);
				MARKETING_VERSION = 1.0;
				PRODUCT_BUNDLE_IDENTIFIER = com.david.Bridgette;
				PRODUCT_NAME = "$(TARGET_NAME)";
				SWIFT_EMIT_LOC_STRINGS = YES;
				SWIFT_VERSION = 5.0;
				TARGETED_DEVICE_FAMILY = "1,2";
			};
			name = Debug;
		};
		0C7A2A642AD1D71500E732ED /* Release */ = {
			isa = XCBuildConfiguration;
			buildSettings = {
				ASSETCATALOG_COMPILER_APPICON_NAME = AppIcon;
				ASSETCATALOG_COMPILER_GLOBAL_ACCENT_COLOR_NAME = AccentColor;
				CODE_SIGN_STYLE = Automatic;
				CURRENT_PROJECT_VERSION = 1;
				DEVELOPMENT_ASSET_PATHS = "\"Bridgette/Preview Content\"";
				DEVELOPMENT_TEAM = ABK2TMF98V;
				ENABLE_PREVIEWS = YES;
				GENERATE_INFOPLIST_FILE = YES;
				INFOPLIST_FILE = Bridgette/Info.plist;
				INFOPLIST_KEY_UIApplicationSceneManifest_Generation = YES;
				INFOPLIST_KEY_UIApplicationSupportsIndirectInputEvents = YES;
				INFOPLIST_KEY_UILaunchScreen_Generation = YES;
				INFOPLIST_KEY_UISupportedInterfaceOrientations_iPad = "UIInterfaceOrientationPortrait UIInterfaceOrientationPortraitUpsideDown UIInterfaceOrientationLandscapeLeft UIInterfaceOrientationLandscapeRight";
				INFOPLIST_KEY_UISupportedInterfaceOrientations_iPhone = "UIInterfaceOrientationPortrait UIInterfaceOrientationLandscapeLeft UIInterfaceOrientationLandscapeRight";
				LD_RUNPATH_SEARCH_PATHS = (
					"$(inherited)",
					"@executable_path/Frameworks",
				);
				MARKETING_VERSION = 1.0;
				PRODUCT_BUNDLE_IDENTIFIER = com.david.Bridgette;
				PRODUCT_NAME = "$(TARGET_NAME)";
				SWIFT_EMIT_LOC_STRINGS = YES;
				SWIFT_VERSION = 5.0;
				TARGETED_DEVICE_FAMILY = "1,2";
			};
			name = Release;
		};
		0C7A2A662AD1D71500E732ED /* Debug */ = {
			isa = XCBuildConfiguration;
			buildSettings = {
				ALWAYS_EMBED_SWIFT_STANDARD_LIBRARIES = YES;
				BUNDLE_LOADER = "$(TEST_HOST)";
				CODE_SIGN_STYLE = Automatic;
				CURRENT_PROJECT_VERSION = 1;
				DEVELOPMENT_TEAM = ABK2TMF98V;
				GENERATE_INFOPLIST_FILE = YES;
				IPHONEOS_DEPLOYMENT_TARGET = 16.4;
				MARKETING_VERSION = 1.0;
				PRODUCT_BUNDLE_IDENTIFIER = com.david.BridgetteTests;
				PRODUCT_NAME = "$(TARGET_NAME)";
				SWIFT_EMIT_LOC_STRINGS = NO;
				SWIFT_VERSION = 5.0;
				TARGETED_DEVICE_FAMILY = "1,2";
				TEST_HOST = "$(BUILT_PRODUCTS_DIR)/Bridgette.app/$(BUNDLE_EXECUTABLE_FOLDER_PATH)/Bridgette";
			};
			name = Debug;
		};
		0C7A2A672AD1D71500E732ED /* Release */ = {
			isa = XCBuildConfiguration;
			buildSettings = {
				ALWAYS_EMBED_SWIFT_STANDARD_LIBRARIES = YES;
				BUNDLE_LOADER = "$(TEST_HOST)";
				CODE_SIGN_STYLE = Automatic;
				CURRENT_PROJECT_VERSION = 1;
				DEVELOPMENT_TEAM = ABK2TMF98V;
				GENERATE_INFOPLIST_FILE = YES;
				IPHONEOS_DEPLOYMENT_TARGET = 16.4;
				MARKETING_VERSION = 1.0;
				PRODUCT_BUNDLE_IDENTIFIER = com.david.BridgetteTests;
				PRODUCT_NAME = "$(TARGET_NAME)";
				SWIFT_EMIT_LOC_STRINGS = NO;
				SWIFT_VERSION = 5.0;
				TARGETED_DEVICE_FAMILY = "1,2";
				TEST_HOST = "$(BUILT_PRODUCTS_DIR)/Bridgette.app/$(BUNDLE_EXECUTABLE_FOLDER_PATH)/Bridgette";
			};
			name = Release;
		};
		0C7A2A692AD1D71500E732ED /* Debug */ = {
			isa = XCBuildConfiguration;
			buildSettings = {
				ALWAYS_EMBED_SWIFT_STANDARD_LIBRARIES = YES;
				CODE_SIGN_STYLE = Automatic;
				CURRENT_PROJECT_VERSION = 1;
				DEVELOPMENT_TEAM = ABK2TMF98V;
				GENERATE_INFOPLIST_FILE = YES;
				MARKETING_VERSION = 1.0;
				PRODUCT_BUNDLE_IDENTIFIER = com.david.BridgetteUITests;
				PRODUCT_NAME = "$(TARGET_NAME)";
				SWIFT_EMIT_LOC_STRINGS = NO;
				SWIFT_VERSION = 5.0;
				TARGETED_DEVICE_FAMILY = "1,2";
				TEST_TARGET_NAME = Bridgette;
			};
			name = Debug;
		};
		0C7A2A6A2AD1D71500E732ED /* Release */ = {
			isa = XCBuildConfiguration;
			buildSettings = {
				ALWAYS_EMBED_SWIFT_STANDARD_LIBRARIES = YES;
				CODE_SIGN_STYLE = Automatic;
				CURRENT_PROJECT_VERSION = 1;
				DEVELOPMENT_TEAM = ABK2TMF98V;
				GENERATE_INFOPLIST_FILE = YES;
				MARKETING_VERSION = 1.0;
				PRODUCT_BUNDLE_IDENTIFIER = com.david.BridgetteUITests;
				PRODUCT_NAME = "$(TARGET_NAME)";
				SWIFT_EMIT_LOC_STRINGS = NO;
				SWIFT_VERSION = 5.0;
				TARGETED_DEVICE_FAMILY = "1,2";
				TEST_TARGET_NAME = Bridgette;
			};
			name = Release;
		};
/* End XCBuildConfiguration section */

/* Begin XCConfigurationList section */
		0C7A2A392AD1D71400E732ED /* Build configuration list for PBXProject "Bridgette" */ = {
			isa = XCConfigurationList;
			buildConfigurations = (
				0C7A2A602AD1D71500E732ED /* Debug */,
				0C7A2A612AD1D71500E732ED /* Release */,
			);
			defaultConfigurationIsVisible = 0;
			defaultConfigurationName = Release;
		};
		0C7A2A622AD1D71500E732ED /* Build configuration list for PBXNativeTarget "Bridgette" */ = {
			isa = XCConfigurationList;
			buildConfigurations = (
				0C7A2A632AD1D71500E732ED /* Debug */,
				0C7A2A642AD1D71500E732ED /* Release */,
			);
			defaultConfigurationIsVisible = 0;
			defaultConfigurationName = Release;
		};
		0C7A2A652AD1D71500E732ED /* Build configuration list for PBXNativeTarget "BridgetteTests" */ = {
			isa = XCConfigurationList;
			buildConfigurations = (
				0C7A2A662AD1D71500E732ED /* Debug */,
				0C7A2A672AD1D71500E732ED /* Release */,
			);
			defaultConfigurationIsVisible = 0;
			defaultConfigurationName = Release;
		};
		0C7A2A682AD1D71500E732ED /* Build configuration list for PBXNativeTarget "BridgetteUITests" */ = {
			isa = XCConfigurationList;
			buildConfigurations = (
				0C7A2A692AD1D71500E732ED /* Debug */,
				0C7A2A6A2AD1D71500E732ED /* Release */,
			);
			defaultConfigurationIsVisible = 0;
			defaultConfigurationName = Release;
		};
/* End XCConfigurationList section */
	};
	rootObject = 0C7A2A362AD1D71400E732ED /* Project object */;
}
